
Microsoft Visual Studio Solution File, Format Version 12.00
# Visual Studio Version 17
VisualStudioVersion = 17.11.35222.181
MinimumVisualStudioVersion = 10.0.40219.1
Project("{FAE04EC0-301F-11D3-BF4B-00C04F79EFBC}") = "Tabuada", "Tabuada\Tabuada.csproj", "{87B73DD0-018B-428D-BC5F-3DE47882CED0}"
EndProject
Global
	GlobalSection(SolutionConfigurationPlatforms) = preSolution
		Debug|Any CPU = Debug|Any CPU
		Release|Any CPU = Release|Any CPU
	EndGlobalSection
	GlobalSection(ProjectConfigurationPlatforms) = postSolution
		{87B73DD0-018B-428D-BC5F-3DE47882CED0}.Debug|Any CPU.ActiveCfg = Debug|Any CPU
		{87B73DD0-018B-428D-BC5F-3DE47882CED0}.Debug|Any CPU.Build.0 = Debug|Any CPU
		{87B73DD0-018B-428D-BC5F-3DE47882CED0}.Release|Any CPU.ActiveCfg = Release|Any CPU
		{87B73DD0-018B-428D-BC5F-3DE47882CED0}.Release|Any CPU.Build.0 = Release|Any CPU
	EndGlobalSection
	GlobalSection(SolutionProperties) = preSolution
		HideSolutionNode = FALSE
	EndGlobalSection
	GlobalSection(ExtensibilityGlobals) = postSolution
		SolutionGuid = {12E76DD1-7981-4C4A-9F30-912A87402F78}
	EndGlobalSection
EndGlobal
