
Microsoft Visual Studio Solution File, Format Version 12.00
# Visual Studio Version 17
VisualStudioVersion = 17.13.35507.96 d17.13
MinimumVisualStudioVersion = 10.0.40219.1
Project("{FAE04EC0-301F-11D3-BF4B-00C04F79EFBC}") = "Construtor", "Construtor\Construtor.csproj", "{C708C250-5F0B-4E7B-A589-9C83BC88734F}"
EndProject
Global
	GlobalSection(SolutionConfigurationPlatforms) = preSolution
		Debug|Any CPU = Debug|Any CPU
		Release|Any CPU = Release|Any CPU
	EndGlobalSection
	GlobalSection(ProjectConfigurationPlatforms) = postSolution
		{C708C250-5F0B-4E7B-A589-9C83BC88734F}.Debug|Any CPU.ActiveCfg = Debug|Any CPU
		{C708C250-5F0B-4E7B-A589-9C83BC88734F}.Debug|Any CPU.Build.0 = Debug|Any CPU
		{C708C250-5F0B-4E7B-A589-9C83BC88734F}.Release|Any CPU.ActiveCfg = Release|Any CPU
		{C708C250-5F0B-4E7B-A589-9C83BC88734F}.Release|Any CPU.Build.0 = Release|Any CPU
	EndGlobalSection
	GlobalSection(SolutionProperties) = preSolution
		HideSolutionNode = FALSE
	EndGlobalSection
	GlobalSection(ExtensibilityGlobals) = postSolution
		SolutionGuid = {7E7F0FCF-3CDC-490E-96E3-ACC8DCD4DFEC}
	EndGlobalSection
EndGlobal
